
Microsoft Visual Studio Solution File, Format Version 12.00
# Visual Studio Version 17
VisualStudioVersion = 17.9.34902.65
MinimumVisualStudioVersion = 10.0.40219.1
Project("{FAE04EC0-301F-11D3-BF4B-00C04F79EFBC}") = "WPF_FP", "WPF_FP\WPF_FP.csproj", "{CF2AA320-EAEA-4F81-8E3F-4A4ADE845026}"
EndProject
Global
	GlobalSection(SolutionConfigurationPlatforms) = preSolution
		Debug|Any CPU = Debug|Any CPU
		Release|Any CPU = Release|Any CPU
	EndGlobalSection
	GlobalSection(ProjectConfigurationPlatforms) = postSolution
		{CF2AA320-EAEA-4F81-8E3F-4A4ADE845026}.Debug|Any CPU.ActiveCfg = Debug|Any CPU
		{CF2AA320-EAEA-4F81-8E3F-4A4ADE845026}.Debug|Any CPU.Build.0 = Debug|Any CPU
		{CF2AA320-EAEA-4F81-8E3F-4A4ADE845026}.Release|Any CPU.ActiveCfg = Release|Any CPU
		{CF2AA320-EAEA-4F81-8E3F-4A4ADE845026}.Release|Any CPU.Build.0 = Release|Any CPU
	EndGlobalSection
	GlobalSection(SolutionProperties) = preSolution
		HideSolutionNode = FALSE
	EndGlobalSection
	GlobalSection(ExtensibilityGlobals) = postSolution
		SolutionGuid = {95399B0F-9691-4C17-BBE5-BB64D5B4E945}
	EndGlobalSection
EndGlobal
