
Microsoft Visual Studio Solution File, Format Version 12.00
# Visual Studio Version 17
VisualStudioVersion = 17.12.35527.113 d17.12
MinimumVisualStudioVersion = 10.0.40219.1
Project("{FAE04EC0-301F-11D3-BF4B-00C04F79EFBC}") = "Cocojambo", "Cocojambo.csproj", "{FFF0B38E-E96A-43DD-8816-0BBD057572C0}"
EndProject
Global
	GlobalSection(SolutionConfigurationPlatforms) = preSolution
		Debug|Any CPU = Debug|Any CPU
		Release|Any CPU = Release|Any CPU
	EndGlobalSection
	GlobalSection(ProjectConfigurationPlatforms) = postSolution
		{FFF0B38E-E96A-43DD-8816-0BBD057572C0}.Debug|Any CPU.ActiveCfg = Debug|Any CPU
		{FFF0B38E-E96A-43DD-8816-0BBD057572C0}.Debug|Any CPU.Build.0 = Debug|Any CPU
		{FFF0B38E-E96A-43DD-8816-0BBD057572C0}.Release|Any CPU.ActiveCfg = Release|Any CPU
		{FFF0B38E-E96A-43DD-8816-0BBD057572C0}.Release|Any CPU.Build.0 = Release|Any CPU
	EndGlobalSection
	GlobalSection(SolutionProperties) = preSolution
		HideSolutionNode = FALSE
	EndGlobalSection
EndGlobal
